
Microsoft Visual Studio Solution File, Format Version 12.00
# Visual Studio Version 17
VisualStudioVersion = 17.14.36518.9 d17.14
MinimumVisualStudioVersion = 10.0.40219.1
Project("{FAE04EC0-301F-11D3-BF4B-00C04F79EFBC}") = "AssignmentCore", "AssignmentCore\AssignmentCore.csproj", "{4E774D7E-23C0-433F-B1B0-D10DB76EBDF3}"
EndProject
Global
	GlobalSection(SolutionConfigurationPlatforms) = preSolution
		Debug|Any CPU = Debug|Any CPU
		Release|Any CPU = Release|Any CPU
	EndGlobalSection
	GlobalSection(ProjectConfigurationPlatforms) = postSolution
		{4E774D7E-23C0-433F-B1B0-D10DB76EBDF3}.Debug|Any CPU.ActiveCfg = Debug|Any CPU
		{4E774D7E-23C0-433F-B1B0-D10DB76EBDF3}.Debug|Any CPU.Build.0 = Debug|Any CPU
		{4E774D7E-23C0-433F-B1B0-D10DB76EBDF3}.Release|Any CPU.ActiveCfg = Release|Any CPU
		{4E774D7E-23C0-433F-B1B0-D10DB76EBDF3}.Release|Any CPU.Build.0 = Release|Any CPU
	EndGlobalSection
	GlobalSection(SolutionProperties) = preSolution
		HideSolutionNode = FALSE
	EndGlobalSection
	GlobalSection(ExtensibilityGlobals) = postSolution
		SolutionGuid = {744A9A8D-8022-472C-B08F-1B33DA353332}
	EndGlobalSection
EndGlobal
